
Microsoft Visual Studio Solution File, Format Version 12.00
# Visual Studio Version 16
VisualStudioVersion = 16.0.29806.167
MinimumVisualStudioVersion = 10.0.40219.1
Project("{FAE04EC0-301F-11D3-BF4B-00C04F79EFBC}") = "NotDefteri", "NotDefteri.csproj", "{A138F728-4B93-4558-BE54-7364A5E261F3}"
EndProject
Global
	GlobalSection(SolutionConfigurationPlatforms) = preSolution
		Debug|Any CPU = Debug|Any CPU
		Release|Any CPU = Release|Any CPU
	EndGlobalSection
	GlobalSection(ProjectConfigurationPlatforms) = postSolution
		{A138F728-4B93-4558-BE54-7364A5E261F3}.Debug|Any CPU.ActiveCfg = Debug|Any CPU
		{A138F728-4B93-4558-BE54-7364A5E261F3}.Debug|Any CPU.Build.0 = Debug|Any CPU
		{A138F728-4B93-4558-BE54-7364A5E261F3}.Release|Any CPU.ActiveCfg = Release|Any CPU
		{A138F728-4B93-4558-BE54-7364A5E261F3}.Release|Any CPU.Build.0 = Release|Any CPU
	EndGlobalSection
	GlobalSection(SolutionProperties) = preSolution
		HideSolutionNode = FALSE
	EndGlobalSection
	GlobalSection(ExtensibilityGlobals) = postSolution
		SolutionGuid = {15AE62F6-C25E-4455-B8F4-895E99683A74}
	EndGlobalSection
EndGlobal
